
Microsoft Visual Studio Solution File, Format Version 12.00
# Visual Studio 14
VisualStudioVersion = 14.0.25123.0
MinimumVisualStudioVersion = 10.0.40219.1
Project("{F184B08F-C81C-45F6-A57F-5ABD9991F28F}") = "owasp4net.injection", "owasp4net.injection\owasp4net.injection.vbproj", "{ADB5715D-56EC-49F0-A54A-FC47CB5C0DB4}"
EndProject
Project("{F184B08F-C81C-45F6-A57F-5ABD9991F28F}") = "owasp4net.injection.data", "owasp4net.injection.data\owasp4net.injection.data.vbproj", "{3A29B420-E10C-4ED6-BE46-FC9663A09AF9}"
EndProject
Global
	GlobalSection(SolutionConfigurationPlatforms) = preSolution
		Debug|Any CPU = Debug|Any CPU
		Release|Any CPU = Release|Any CPU
	EndGlobalSection
	GlobalSection(ProjectConfigurationPlatforms) = postSolution
		{ADB5715D-56EC-49F0-A54A-FC47CB5C0DB4}.Debug|Any CPU.ActiveCfg = Debug|Any CPU
		{ADB5715D-56EC-49F0-A54A-FC47CB5C0DB4}.Debug|Any CPU.Build.0 = Debug|Any CPU
		{ADB5715D-56EC-49F0-A54A-FC47CB5C0DB4}.Release|Any CPU.ActiveCfg = Release|Any CPU
		{ADB5715D-56EC-49F0-A54A-FC47CB5C0DB4}.Release|Any CPU.Build.0 = Release|Any CPU
		{3A29B420-E10C-4ED6-BE46-FC9663A09AF9}.Debug|Any CPU.ActiveCfg = Debug|Any CPU
		{3A29B420-E10C-4ED6-BE46-FC9663A09AF9}.Debug|Any CPU.Build.0 = Debug|Any CPU
		{3A29B420-E10C-4ED6-BE46-FC9663A09AF9}.Release|Any CPU.ActiveCfg = Release|Any CPU
		{3A29B420-E10C-4ED6-BE46-FC9663A09AF9}.Release|Any CPU.Build.0 = Release|Any CPU
	EndGlobalSection
	GlobalSection(SolutionProperties) = preSolution
		HideSolutionNode = FALSE
	EndGlobalSection
EndGlobal
